
Microsoft Visual Studio Solution File, Format Version 12.00
# Visual Studio Version 17
VisualStudioVersion = 17.9.34622.214
MinimumVisualStudioVersion = 10.0.40219.1
Project("{FAE04EC0-301F-11D3-BF4B-00C04F79EFBC}") = "WikiGuesser.Server", "WikiGuesser.Server\WikiGuesser.Server.csproj", "{A9269FA3-B650-41EC-9934-51EC3890F53C}"
EndProject
Project("{54A90642-561A-4BB1-A94E-469ADEE60C69}") = "wikiguesser.client", "wikiguesser.client\wikiguesser.client.esproj", "{B24A0A15-E4CC-4EE1-AD68-53C64F682E3E}"
EndProject
Global
	GlobalSection(SolutionConfigurationPlatforms) = preSolution
		Debug|Any CPU = Debug|Any CPU
		Release|Any CPU = Release|Any CPU
	EndGlobalSection
	GlobalSection(ProjectConfigurationPlatforms) = postSolution
		{A9269FA3-B650-41EC-9934-51EC3890F53C}.Debug|Any CPU.ActiveCfg = Debug|Any CPU
		{A9269FA3-B650-41EC-9934-51EC3890F53C}.Debug|Any CPU.Build.0 = Debug|Any CPU
		{A9269FA3-B650-41EC-9934-51EC3890F53C}.Release|Any CPU.ActiveCfg = Release|Any CPU
		{A9269FA3-B650-41EC-9934-51EC3890F53C}.Release|Any CPU.Build.0 = Release|Any CPU
		{B24A0A15-E4CC-4EE1-AD68-53C64F682E3E}.Debug|Any CPU.ActiveCfg = Debug|Any CPU
		{B24A0A15-E4CC-4EE1-AD68-53C64F682E3E}.Debug|Any CPU.Build.0 = Debug|Any CPU
		{B24A0A15-E4CC-4EE1-AD68-53C64F682E3E}.Release|Any CPU.ActiveCfg = Debug|Any CPU
		{B24A0A15-E4CC-4EE1-AD68-53C64F682E3E}.Release|Any CPU.Build.0 = Debug|Any CPU
	EndGlobalSection
	GlobalSection(SolutionProperties) = preSolution
		HideSolutionNode = FALSE
	EndGlobalSection
	GlobalSection(ExtensibilityGlobals) = postSolution
		SolutionGuid = {A5EBA6EA-AE54-4D43-B2ED-EC8304022214}
	EndGlobalSection
EndGlobal
